
Microsoft Visual Studio Solution File, Format Version 12.00
# Visual Studio Version 17
VisualStudioVersion = 17.1.32210.238
MinimumVisualStudioVersion = 10.0.40219.1
Project("{2150E333-8FDC-42A3-9474-1A3956D46DE8}") = "FrontEnd", "FrontEnd", "{1A5764CE-E4B2-4F28-BD47-56FF77D44596}"
EndProject
Project("{FAE04EC0-301F-11D3-BF4B-00C04F79EFBC}") = "Mango.Web", "Mango.Web\Mango.Web.csproj", "{164C8636-8B91-438D-9F18-C51D5D612DD5}"
EndProject
Project("{2150E333-8FDC-42A3-9474-1A3956D46DE8}") = "Services", "Services", "{35484CE3-D248-413C-9FBD-1E6C4E27914F}"
EndProject
Project("{FAE04EC0-301F-11D3-BF4B-00C04F79EFBC}") = "Mango.Services.ProductAPI", "Mango.Services.ProductAPI\Mango.Services.ProductAPI.csproj", "{762E2744-CE09-400F-8750-81BB17F259E6}"
EndProject
Global
	GlobalSection(SolutionConfigurationPlatforms) = preSolution
		Debug|Any CPU = Debug|Any CPU
		Release|Any CPU = Release|Any CPU
	EndGlobalSection
	GlobalSection(ProjectConfigurationPlatforms) = postSolution
		{164C8636-8B91-438D-9F18-C51D5D612DD5}.Debug|Any CPU.ActiveCfg = Debug|Any CPU
		{164C8636-8B91-438D-9F18-C51D5D612DD5}.Debug|Any CPU.Build.0 = Debug|Any CPU
		{164C8636-8B91-438D-9F18-C51D5D612DD5}.Release|Any CPU.ActiveCfg = Release|Any CPU
		{164C8636-8B91-438D-9F18-C51D5D612DD5}.Release|Any CPU.Build.0 = Release|Any CPU
		{762E2744-CE09-400F-8750-81BB17F259E6}.Debug|Any CPU.ActiveCfg = Debug|Any CPU
		{762E2744-CE09-400F-8750-81BB17F259E6}.Debug|Any CPU.Build.0 = Debug|Any CPU
		{762E2744-CE09-400F-8750-81BB17F259E6}.Release|Any CPU.ActiveCfg = Release|Any CPU
		{762E2744-CE09-400F-8750-81BB17F259E6}.Release|Any CPU.Build.0 = Release|Any CPU
	EndGlobalSection
	GlobalSection(SolutionProperties) = preSolution
		HideSolutionNode = FALSE
	EndGlobalSection
	GlobalSection(NestedProjects) = preSolution
		{164C8636-8B91-438D-9F18-C51D5D612DD5} = {1A5764CE-E4B2-4F28-BD47-56FF77D44596}
		{762E2744-CE09-400F-8750-81BB17F259E6} = {35484CE3-D248-413C-9FBD-1E6C4E27914F}
	EndGlobalSection
	GlobalSection(ExtensibilityGlobals) = postSolution
		SolutionGuid = {BD7F7FCB-0C35-4829-99FE-3B804EFBAE3E}
	EndGlobalSection
EndGlobal
